// !$*UTF8*$!
{
	archiveVersion = 1;
	classes = {
	};
	objectVersion = 56;
	objects = {

/* Begin PBXBuildFile section */
		0E0F68AB2B1AF5AA0071941D /* TempUserInfo.swift in Sources */ = {isa = PBXBuildFile; fileRef = 0E0F68AA2B1AF5AA0071941D /* TempUserInfo.swift */; };
		0E18AD602AFA10840011ED4A /* GoogleService-Info.plist in Resources */ = {isa = PBXBuildFile; fileRef = 0E18AD5F2AFA10840011ED4A /* GoogleService-Info.plist */; };
		0E18AD6B2AFA7F670011ED4A /* SignInView.swift in Sources */ = {isa = PBXBuildFile; fileRef = 0E18AD6A2AFA7F670011ED4A /* SignInView.swift */; };
		0E18AD6D2AFA8DC50011ED4A /* UserOB.swift in Sources */ = {isa = PBXBuildFile; fileRef = 0E18AD6C2AFA8DC50011ED4A /* UserOB.swift */; };
		0E18AD6F2AFA8F140011ED4A /* AppleLoginOB.swift in Sources */ = {isa = PBXBuildFile; fileRef = 0E18AD6E2AFA8F140011ED4A /* AppleLoginOB.swift */; };
		0E18AD712AFA94E10011ED4A /* FirebaseManager.swift in Sources */ = {isa = PBXBuildFile; fileRef = 0E18AD702AFA94E10011ED4A /* FirebaseManager.swift */; };
		0E18AD742AFAA3430011ED4A /* FirebaseAnalytics in Frameworks */ = {isa = PBXBuildFile; productRef = 0E18AD732AFAA3430011ED4A /* FirebaseAnalytics */; };
		0E18AD762AFAA3430011ED4A /* FirebaseAuth in Frameworks */ = {isa = PBXBuildFile; productRef = 0E18AD752AFAA3430011ED4A /* FirebaseAuth */; };
		0E18AD782AFAA3430011ED4A /* FirebaseFirestore in Frameworks */ = {isa = PBXBuildFile; productRef = 0E18AD772AFAA3430011ED4A /* FirebaseFirestore */; };
		0E613A262B131B9B00AF75BF /* IngredientData.json in Resources */ = {isa = PBXBuildFile; fileRef = 0E613A252B131B9B00AF75BF /* IngredientData.json */; };
		0E613A282B131CAF00AF75BF /* Ingredient.swift in Sources */ = {isa = PBXBuildFile; fileRef = 0E613A272B131CAF00AF75BF /* Ingredient.swift */; };
		0E613A2A2B13315700AF75BF /* IngredientData.swift in Sources */ = {isa = PBXBuildFile; fileRef = 0E613A292B13315700AF75BF /* IngredientData.swift */; };
		0E8D348D2B16103A0023FCA5 /* MainView.swift in Sources */ = {isa = PBXBuildFile; fileRef = 0E8D348C2B16103A0023FCA5 /* MainView.swift */; };
		0E8D348F2B1614D90023FCA5 /* Network+.swift in Sources */ = {isa = PBXBuildFile; fileRef = 0E8D348E2B1614D90023FCA5 /* Network+.swift */; };
		0EA65EE22B0C846200E1C8D7 /* AddTestIngredientsView.swift in Sources */ = {isa = PBXBuildFile; fileRef = 0EA65EE12B0C846200E1C8D7 /* AddTestIngredientsView.swift */; };
		0EAFB7212B012A3D0075A384 /* MonthlyPlanningView.swift in Sources */ = {isa = PBXBuildFile; fileRef = 0EAFB7202B012A3D0075A384 /* MonthlyPlanningView.swift */; };
		0EB0F4322B0F5F5A00A32DFB /* AddIngredientBigDivision.swift in Sources */ = {isa = PBXBuildFile; fileRef = 0EB0F4312B0F5F5A00A32DFB /* AddIngredientBigDivision.swift */; };
		B219F11F2B0C911200886087 /* StartPlanView.swift in Sources */ = {isa = PBXBuildFile; fileRef = B219F11E2B0C911200886087 /* StartPlanView.swift */; };
		B219F1212B0C915300886087 /* StartDateInitialSelectModal.swift in Sources */ = {isa = PBXBuildFile; fileRef = B219F1202B0C915300886087 /* StartDateInitialSelectModal.swift */; };
		B219F1252B0C974F00886087 /* MealOB.swift in Sources */ = {isa = PBXBuildFile; fileRef = B219F1242B0C974F00886087 /* MealOB.swift */; };
		B219F1272B0CE13000886087 /* View+.swift in Sources */ = {isa = PBXBuildFile; fileRef = B219F1262B0CE13000886087 /* View+.swift */; };
		B24078222B13D8CB005D3412 /* RootVStack.swift in Sources */ = {isa = PBXBuildFile; fileRef = B24078212B13D8CB005D3412 /* RootVStack.swift */; };
		B24836202B011FFF00525A25 /* MealDetailView.swift in Sources */ = {isa = PBXBuildFile; fileRef = B248361F2B011FFF00525A25 /* MealDetailView.swift */; };
		B24836222B012B8700525A25 /* Date+.swift in Sources */ = {isa = PBXBuildFile; fileRef = B24836212B012B8700525A25 /* Date+.swift */; };
		B25582022B10AAF200B34F34 /* CGFloat+.swift in Sources */ = {isa = PBXBuildFile; fileRef = B25582012B10AAF200B34F34 /* CGFloat+.swift */; };
		B25582042B10BED500B34F34 /* AddedIngredientView.swift in Sources */ = {isa = PBXBuildFile; fileRef = B25582032B10BED500B34F34 /* AddedIngredientView.swift */; };
		B25582062B10C94600B34F34 /* ColoredIngredientsText.swift in Sources */ = {isa = PBXBuildFile; fileRef = B25582052B10C94600B34F34 /* ColoredIngredientsText.swift */; };
		B2746E3B2B052A4D0083AB57 /* Shape+.swift in Sources */ = {isa = PBXBuildFile; fileRef = B2746E3A2B052A4D0083AB57 /* Shape+.swift */; };
		B2746E3D2B05DF900083AB57 /* StartDateSettingModal.swift in Sources */ = {isa = PBXBuildFile; fileRef = B2746E3C2B05DF900083AB57 /* StartDateSettingModal.swift */; };
		B2746E3F2B05F5210083AB57 /* ThickDivider.swift in Sources */ = {isa = PBXBuildFile; fileRef = B2746E3E2B05F5210083AB57 /* ThickDivider.swift */; };
		B2746E432B05FDC40083AB57 /* TitleAndHintView.swift in Sources */ = {isa = PBXBuildFile; fileRef = B2746E422B05FDC40083AB57 /* TitleAndHintView.swift */; };
		B29602B42B1AFC24001E3E98 /* UINavigationController+.swift in Sources */ = {isa = PBXBuildFile; fileRef = B29602B32B1AFC24001E3E98 /* UINavigationController+.swift */; };
		B29854B82B0DB38C009FBE33 /* ChangeMonthModal.swift in Sources */ = {isa = PBXBuildFile; fileRef = B29854B72B0DB38C009FBE33 /* ChangeMonthModal.swift */; };
		B29CF7882AFCCA5B00B54A3E /* PlanListView.swift in Sources */ = {isa = PBXBuildFile; fileRef = B29CF7872AFCCA5B00B54A3E /* PlanListView.swift */; };
		B29CF78B2AFCCEA000B54A3E /* TextLiterals.swift in Sources */ = {isa = PBXBuildFile; fileRef = B29CF78A2AFCCEA000B54A3E /* TextLiterals.swift */; };
		B2C2632F2B0F511A0032C488 /* DraggableMealGroupView.swift in Sources */ = {isa = PBXBuildFile; fileRef = B2C2632E2B0F511A0032C488 /* DraggableMealGroupView.swift */; };
		B2D1DCD62B07466500D7B77B /* MealGroupView.swift in Sources */ = {isa = PBXBuildFile; fileRef = B2D1DCD52B07466500D7B77B /* MealGroupView.swift */; };
		B2D1E37F2B13057B00318E85 /* MealPlansOB.swift in Sources */ = {isa = PBXBuildFile; fileRef = B2D1E37E2B13057B00318E85 /* MealPlansOB.swift */; };
		B2D1E3832B136C1E00318E85 /* Header.swift in Sources */ = {isa = PBXBuildFile; fileRef = B2D1E3822B136C1E00318E85 /* Header.swift */; };
		B2D1E3872B137C4100318E85 /* DefaultHorizontalPadding.swift in Sources */ = {isa = PBXBuildFile; fileRef = B2D1E3862B137C4100318E85 /* DefaultHorizontalPadding.swift */; };
		B2D96E5D2B1625C200B5D30C /* WrongPlanChecker.swift in Sources */ = {isa = PBXBuildFile; fileRef = B2D96E5C2B1625C200B5D30C /* WrongPlanChecker.swift */; };
		B2D96E5F2B17C78200B5D30C /* Collection+.swift in Sources */ = {isa = PBXBuildFile; fileRef = B2D96E5E2B17C78200B5D30C /* Collection+.swift */; };
		B2D96E612B19675D00B5D30C /* PlanEmptyView.swift in Sources */ = {isa = PBXBuildFile; fileRef = B2D96E602B19675D00B5D30C /* PlanEmptyView.swift */; };
		B2D96E662B19A7CC00B5D30C /* Algorithms in Frameworks */ = {isa = PBXBuildFile; productRef = B2D96E652B19A7CC00B5D30C /* Algorithms */; };
		B2D96E682B19B6B300B5D30C /* ToastMessage.swift in Sources */ = {isa = PBXBuildFile; fileRef = B2D96E672B19B6B300B5D30C /* ToastMessage.swift */; };
		B2DE212E2B0DDA54006E42C7 /* PlanBatchSettingView.swift in Sources */ = {isa = PBXBuildFile; fileRef = B2DE212D2B0DDA54006E42C7 /* PlanBatchSettingView.swift */; };
		B2EFE9832B067CA000E3F94B /* PlanGroupDetailView.swift in Sources */ = {isa = PBXBuildFile; fileRef = B2EFE9822B067CA000E3F94B /* PlanGroupDetailView.swift */; };
		B2EFE9852B067FB200E3F94B /* MockPlanData.swift in Sources */ = {isa = PBXBuildFile; fileRef = B2EFE9842B067FB200E3F94B /* MockPlanData.swift */; };
		B2F7909E2B0DDC9900CB4F71 /* SolidnerSegmentedPicker.swift in Sources */ = {isa = PBXBuildFile; fileRef = B2F7909D2B0DDC9900CB4F71 /* SolidnerSegmentedPicker.swift */; };
		B2F790A22B0DF30B00CB4F71 /* CycleGaps.swift in Sources */ = {isa = PBXBuildFile; fileRef = B2F790A12B0DF30B00CB4F71 /* CycleGaps.swift */; };
		B2F790A42B0DF40400CB4F71 /* DisplayDateType.swift in Sources */ = {isa = PBXBuildFile; fileRef = B2F790A32B0DF40400CB4F71 /* DisplayDateType.swift */; };
		B2F790A62B0E05AB00CB4F71 /* DailyPlanListView.swift in Sources */ = {isa = PBXBuildFile; fileRef = B2F790A52B0E05AB00CB4F71 /* DailyPlanListView.swift */; };
		B2F790A82B0E28B400CB4F71 /* WarningView.swift in Sources */ = {isa = PBXBuildFile; fileRef = B2F790A72B0E28B400CB4F71 /* WarningView.swift */; };
		B2F790AA2B0E37DA00CB4F71 /* DisplayDateInfoView.swift in Sources */ = {isa = PBXBuildFile; fileRef = B2F790A92B0E37DA00CB4F71 /* DisplayDateInfoView.swift */; };
		C3319A932B14E5160003ACD0 /* ReportIngredientModalView.swift in Sources */ = {isa = PBXBuildFile; fileRef = C3319A922B14E5160003ACD0 /* ReportIngredientModalView.swift */; };
		C336EE432B03C37B0057D8B8 /* AgreeToTermsView.swift in Sources */ = {isa = PBXBuildFile; fileRef = C336EE422B03C37B0057D8B8 /* AgreeToTermsView.swift */; };
		C336EE4A2B03F13B0057D8B8 /* Image+.swift in Sources */ = {isa = PBXBuildFile; fileRef = C336EE492B03F13B0057D8B8 /* Image+.swift */; };
		C336EE4C2B03F5320057D8B8 /* Color+.swift in Sources */ = {isa = PBXBuildFile; fileRef = C336EE4B2B03F5320057D8B8 /* Color+.swift */; };
		C336EE512B054AED0057D8B8 /* TermsWebView.swift in Sources */ = {isa = PBXBuildFile; fileRef = C336EE502B054AED0057D8B8 /* TermsWebView.swift */; };
		C336EE532B054C820057D8B8 /* AgreeCase.swift in Sources */ = {isa = PBXBuildFile; fileRef = C336EE522B054C820057D8B8 /* AgreeCase.swift */; };
		C34B0D652B1989EB00D41A4A /* LaunchScreenView.swift in Sources */ = {isa = PBXBuildFile; fileRef = C34B0D642B1989EB00D41A4A /* LaunchScreenView.swift */; };
		C36942472AFCD687002465D4 /* ButtonComponents.swift in Sources */ = {isa = PBXBuildFile; fileRef = C36942462AFCD686002465D4 /* ButtonComponents.swift */; };
		C36942492AFF755F002465D4 /* BackButtonHeader.swift in Sources */ = {isa = PBXBuildFile; fileRef = C36942482AFF755F002465D4 /* BackButtonHeader.swift */; };
		C369424B2B00B350002465D4 /* TextFieldComponents.swift in Sources */ = {isa = PBXBuildFile; fileRef = C369424A2B00B350002465D4 /* TextFieldComponents.swift */; };
		C369424D2B00C333002465D4 /* NickNameView.swift in Sources */ = {isa = PBXBuildFile; fileRef = C369424C2B00C333002465D4 /* NickNameView.swift */; };
		C369424F2B00C42C002465D4 /* OnboardingTitles.swift in Sources */ = {isa = PBXBuildFile; fileRef = C369424E2B00C42C002465D4 /* OnboardingTitles.swift */; };
		C36942512B01185C002465D4 /* TextLimiterOB.swift in Sources */ = {isa = PBXBuildFile; fileRef = C36942502B01185C002465D4 /* TextLimiterOB.swift */; };
		C3777C622B120F1F008B951A /* DateUpdateModalView.swift in Sources */ = {isa = PBXBuildFile; fileRef = C3777C612B120F1F008B951A /* DateUpdateModalView.swift */; };
		C3777C642B1249D5008B951A /* AddMoreUserFYIModalView.swift in Sources */ = {isa = PBXBuildFile; fileRef = C3777C632B1249D5008B951A /* AddMoreUserFYIModalView.swift */; };
		C3777C662B1250E3008B951A /* NotificationSettingView.swift in Sources */ = {isa = PBXBuildFile; fileRef = C3777C652B1250E3008B951A /* NotificationSettingView.swift */; };
		C3777C682B132BC1008B951A /* ServiceInfoView.swift in Sources */ = {isa = PBXBuildFile; fileRef = C3777C672B132BC1008B951A /* ServiceInfoView.swift */; };
		C3777C6A2B135B80008B951A /* WithdrawalView.swift in Sources */ = {isa = PBXBuildFile; fileRef = C3777C692B135B80008B951A /* WithdrawalView.swift */; };
		C3777C6C2B136A55008B951A /* WithdrawalModalView.swift in Sources */ = {isa = PBXBuildFile; fileRef = C3777C6B2B136A55008B951A /* WithdrawalModalView.swift */; };
		C3AD1BC42B0126A2003BB3E0 /* KeyboardHeightHelperOB.swift in Sources */ = {isa = PBXBuildFile; fileRef = C3AD1BC32B0126A2003BB3E0 /* KeyboardHeightHelperOB.swift */; };
		C3AD1BC62B012DA6003BB3E0 /* UIApplication+.swift in Sources */ = {isa = PBXBuildFile; fileRef = C3AD1BC52B012DA6003BB3E0 /* UIApplication+.swift */; };
		C3AD1BC82B021660003BB3E0 /* SoCuteNameView.swift in Sources */ = {isa = PBXBuildFile; fileRef = C3AD1BC72B021660003BB3E0 /* SoCuteNameView.swift */; };
		C3AD1BCA2B023FA1003BB3E0 /* BabyBirthDateView.swift in Sources */ = {isa = PBXBuildFile; fileRef = C3AD1BC92B023FA1003BB3E0 /* BabyBirthDateView.swift */; };
		C3AD1BCC2B024FAC003BB3E0 /* FoodStartDateView.swift in Sources */ = {isa = PBXBuildFile; fileRef = C3AD1BCB2B024FAC003BB3E0 /* FoodStartDateView.swift */; };
		C3AD1BD02B026CB5003BB3E0 /* OnboardingEndView.swift in Sources */ = {isa = PBXBuildFile; fileRef = C3AD1BCF2B026CB5003BB3E0 /* OnboardingEndView.swift */; };
		C3B4DB352B0DEBA700772C2A /* Text+.swift in Sources */ = {isa = PBXBuildFile; fileRef = C3B4DB342B0DEBA700772C2A /* Text+.swift */; };
		C3B4DB372B0DF16D00772C2A /* Pretendard-Bold.otf in Resources */ = {isa = PBXBuildFile; fileRef = C3B4DB362B0DF16D00772C2A /* Pretendard-Bold.otf */; };
		C3B4DB382B0DF16D00772C2A /* Pretendard-Bold.otf in Resources */ = {isa = PBXBuildFile; fileRef = C3B4DB362B0DF16D00772C2A /* Pretendard-Bold.otf */; };
		C3B4DB392B0DF16D00772C2A /* Pretendard-Bold.otf in Resources */ = {isa = PBXBuildFile; fileRef = C3B4DB362B0DF16D00772C2A /* Pretendard-Bold.otf */; };
		C3B4DB3B2B0DF17700772C2A /* Pretendard-SemiBold.otf in Resources */ = {isa = PBXBuildFile; fileRef = C3B4DB3A2B0DF17700772C2A /* Pretendard-SemiBold.otf */; };
		C3B4DB3C2B0DF17700772C2A /* Pretendard-SemiBold.otf in Resources */ = {isa = PBXBuildFile; fileRef = C3B4DB3A2B0DF17700772C2A /* Pretendard-SemiBold.otf */; };
		C3B4DB3D2B0DF17700772C2A /* Pretendard-SemiBold.otf in Resources */ = {isa = PBXBuildFile; fileRef = C3B4DB3A2B0DF17700772C2A /* Pretendard-SemiBold.otf */; };
		C3B4DB3F2B0DF18700772C2A /* Pretendard-Medium.otf in Resources */ = {isa = PBXBuildFile; fileRef = C3B4DB3E2B0DF18700772C2A /* Pretendard-Medium.otf */; };
		C3B4DB402B0DF18700772C2A /* Pretendard-Medium.otf in Resources */ = {isa = PBXBuildFile; fileRef = C3B4DB3E2B0DF18700772C2A /* Pretendard-Medium.otf */; };
		C3B4DB412B0DF18700772C2A /* Pretendard-Medium.otf in Resources */ = {isa = PBXBuildFile; fileRef = C3B4DB3E2B0DF18700772C2A /* Pretendard-Medium.otf */; };
		C3B4DB472B0E84A500772C2A /* UIScreen+.swift in Sources */ = {isa = PBXBuildFile; fileRef = C3B4DB462B0E84A500772C2A /* UIScreen+.swift */; };
		C3B4DB492B0F22AF00772C2A /* BackgroundView.swift in Sources */ = {isa = PBXBuildFile; fileRef = C3B4DB482B0F22AF00772C2A /* BackgroundView.swift */; };
		C3B4DB4C2B10B51300772C2A /* MypageRootView.swift in Sources */ = {isa = PBXBuildFile; fileRef = C3B4DB4B2B10B51300772C2A /* MypageRootView.swift */; };
		C3B4DB4E2B10BA2E00772C2A /* ViewDivider.swift in Sources */ = {isa = PBXBuildFile; fileRef = C3B4DB4D2B10BA2E00772C2A /* ViewDivider.swift */; };
		C3B4DB502B10EE8D00772C2A /* UserInfoUpdateView.swift in Sources */ = {isa = PBXBuildFile; fileRef = C3B4DB4F2B10EE8D00772C2A /* UserInfoUpdateView.swift */; };
		C3C6375D2AF90C2B006D464D /* SolidnerApp.swift in Sources */ = {isa = PBXBuildFile; fileRef = C3C6375C2AF90C2B006D464D /* SolidnerApp.swift */; };
		C3C637612AF90C2C006D464D /* Assets.xcassets in Resources */ = {isa = PBXBuildFile; fileRef = C3C637602AF90C2C006D464D /* Assets.xcassets */; };
		C3C637642AF90C2C006D464D /* Preview Assets.xcassets in Resources */ = {isa = PBXBuildFile; fileRef = C3C637632AF90C2C006D464D /* Preview Assets.xcassets */; };
		C3C6376E2AF90C2C006D464D /* SolidnerTests.swift in Sources */ = {isa = PBXBuildFile; fileRef = C3C6376D2AF90C2C006D464D /* SolidnerTests.swift */; };
		C3C637782AF90C2C006D464D /* SolidnerUITests.swift in Sources */ = {isa = PBXBuildFile; fileRef = C3C637772AF90C2C006D464D /* SolidnerUITests.swift */; };
		C3C6377A2AF90C2C006D464D /* SolidnerUITestsLaunchTests.swift in Sources */ = {isa = PBXBuildFile; fileRef = C3C637792AF90C2C006D464D /* SolidnerUITestsLaunchTests.swift */; };
		C3C637942AF91EB0006D464D /* common_dummy.swift in Sources */ = {isa = PBXBuildFile; fileRef = C3C637932AF91EB0006D464D /* common_dummy.swift */; };
/* End PBXBuildFile section */

/* Begin PBXContainerItemProxy section */
		C3C6376A2AF90C2C006D464D /* PBXContainerItemProxy */ = {
			isa = PBXContainerItemProxy;
			containerPortal = C3C637512AF90C2B006D464D /* Project object */;
			proxyType = 1;
			remoteGlobalIDString = C3C637582AF90C2B006D464D;
			remoteInfo = Solidner;
		};
		C3C637742AF90C2C006D464D /* PBXContainerItemProxy */ = {
			isa = PBXContainerItemProxy;
			containerPortal = C3C637512AF90C2B006D464D /* Project object */;
			proxyType = 1;
			remoteGlobalIDString = C3C637582AF90C2B006D464D;
			remoteInfo = Solidner;
		};
/* End PBXContainerItemProxy section */

/* Begin PBXFileReference section */
		0E0F68AA2B1AF5AA0071941D /* TempUserInfo.swift */ = {isa = PBXFileReference; lastKnownFileType = sourcecode.swift; path = TempUserInfo.swift; sourceTree = "<group>"; };
		0E18AD5F2AFA10840011ED4A /* GoogleService-Info.plist */ = {isa = PBXFileReference; fileEncoding = 4; lastKnownFileType = text.plist.xml; path = "GoogleService-Info.plist"; sourceTree = "<group>"; };
		0E18AD682AFA7A260011ED4A /* Solidner.entitlements */ = {isa = PBXFileReference; lastKnownFileType = text.plist.entitlements; path = Solidner.entitlements; sourceTree = "<group>"; };
		0E18AD6A2AFA7F670011ED4A /* SignInView.swift */ = {isa = PBXFileReference; lastKnownFileType = sourcecode.swift; path = SignInView.swift; sourceTree = "<group>"; };
		0E18AD6C2AFA8DC50011ED4A /* UserOB.swift */ = {isa = PBXFileReference; lastKnownFileType = sourcecode.swift; path = UserOB.swift; sourceTree = "<group>"; };
		0E18AD6E2AFA8F140011ED4A /* AppleLoginOB.swift */ = {isa = PBXFileReference; lastKnownFileType = sourcecode.swift; path = AppleLoginOB.swift; sourceTree = "<group>"; };
		0E18AD702AFA94E10011ED4A /* FirebaseManager.swift */ = {isa = PBXFileReference; lastKnownFileType = sourcecode.swift; path = FirebaseManager.swift; sourceTree = "<group>"; };
		0E613A252B131B9B00AF75BF /* IngredientData.json */ = {isa = PBXFileReference; fileEncoding = 4; lastKnownFileType = text.json; path = IngredientData.json; sourceTree = "<group>"; };
		0E613A272B131CAF00AF75BF /* Ingredient.swift */ = {isa = PBXFileReference; lastKnownFileType = sourcecode.swift; path = Ingredient.swift; sourceTree = "<group>"; };
		0E613A292B13315700AF75BF /* IngredientData.swift */ = {isa = PBXFileReference; lastKnownFileType = sourcecode.swift; path = IngredientData.swift; sourceTree = "<group>"; };
		0E8D348C2B16103A0023FCA5 /* MainView.swift */ = {isa = PBXFileReference; lastKnownFileType = sourcecode.swift; path = MainView.swift; sourceTree = "<group>"; };
		0E8D348E2B1614D90023FCA5 /* Network+.swift */ = {isa = PBXFileReference; lastKnownFileType = sourcecode.swift; path = "Network+.swift"; sourceTree = "<group>"; };
		0EA65EE12B0C846200E1C8D7 /* AddTestIngredientsView.swift */ = {isa = PBXFileReference; lastKnownFileType = sourcecode.swift; path = AddTestIngredientsView.swift; sourceTree = "<group>"; };
		0EA6C61D2AFBE087004FF2AA /* MonthlyPlanningDummy.swift */ = {isa = PBXFileReference; lastKnownFileType = sourcecode.swift; path = MonthlyPlanningDummy.swift; sourceTree = "<group>"; };
		0EAFB7202B012A3D0075A384 /* MonthlyPlanningView.swift */ = {isa = PBXFileReference; lastKnownFileType = sourcecode.swift; path = MonthlyPlanningView.swift; sourceTree = "<group>"; };
		0EB0F4312B0F5F5A00A32DFB /* AddIngredientBigDivision.swift */ = {isa = PBXFileReference; lastKnownFileType = sourcecode.swift; path = AddIngredientBigDivision.swift; sourceTree = "<group>"; };
		B219F11E2B0C911200886087 /* StartPlanView.swift */ = {isa = PBXFileReference; lastKnownFileType = sourcecode.swift; path = StartPlanView.swift; sourceTree = "<group>"; };
		B219F1202B0C915300886087 /* StartDateInitialSelectModal.swift */ = {isa = PBXFileReference; lastKnownFileType = sourcecode.swift; path = StartDateInitialSelectModal.swift; sourceTree = "<group>"; };
		B219F1242B0C974F00886087 /* MealOB.swift */ = {isa = PBXFileReference; lastKnownFileType = sourcecode.swift; path = MealOB.swift; sourceTree = "<group>"; };
		B219F1262B0CE13000886087 /* View+.swift */ = {isa = PBXFileReference; lastKnownFileType = sourcecode.swift; path = "View+.swift"; sourceTree = "<group>"; };
		B24078212B13D8CB005D3412 /* RootVStack.swift */ = {isa = PBXFileReference; lastKnownFileType = sourcecode.swift; path = RootVStack.swift; sourceTree = "<group>"; };
		B248361F2B011FFF00525A25 /* MealDetailView.swift */ = {isa = PBXFileReference; lastKnownFileType = sourcecode.swift; path = MealDetailView.swift; sourceTree = "<group>"; };
		B24836212B012B8700525A25 /* Date+.swift */ = {isa = PBXFileReference; lastKnownFileType = sourcecode.swift; path = "Date+.swift"; sourceTree = "<group>"; };
		B25582012B10AAF200B34F34 /* CGFloat+.swift */ = {isa = PBXFileReference; lastKnownFileType = sourcecode.swift; path = "CGFloat+.swift"; sourceTree = "<group>"; };
		B25582032B10BED500B34F34 /* AddedIngredientView.swift */ = {isa = PBXFileReference; lastKnownFileType = sourcecode.swift; path = AddedIngredientView.swift; sourceTree = "<group>"; };
		B25582052B10C94600B34F34 /* ColoredIngredientsText.swift */ = {isa = PBXFileReference; lastKnownFileType = sourcecode.swift; path = ColoredIngredientsText.swift; sourceTree = "<group>"; };
		B2746E3A2B052A4D0083AB57 /* Shape+.swift */ = {isa = PBXFileReference; lastKnownFileType = sourcecode.swift; path = "Shape+.swift"; sourceTree = "<group>"; };
		B2746E3C2B05DF900083AB57 /* StartDateSettingModal.swift */ = {isa = PBXFileReference; lastKnownFileType = sourcecode.swift; path = StartDateSettingModal.swift; sourceTree = "<group>"; };
		B2746E3E2B05F5210083AB57 /* ThickDivider.swift */ = {isa = PBXFileReference; lastKnownFileType = sourcecode.swift; path = ThickDivider.swift; sourceTree = "<group>"; };
		B2746E422B05FDC40083AB57 /* TitleAndHintView.swift */ = {isa = PBXFileReference; lastKnownFileType = sourcecode.swift; path = TitleAndHintView.swift; sourceTree = "<group>"; };
		B29602B32B1AFC24001E3E98 /* UINavigationController+.swift */ = {isa = PBXFileReference; lastKnownFileType = sourcecode.swift; path = "UINavigationController+.swift"; sourceTree = "<group>"; };
		B29854B72B0DB38C009FBE33 /* ChangeMonthModal.swift */ = {isa = PBXFileReference; lastKnownFileType = sourcecode.swift; path = ChangeMonthModal.swift; sourceTree = "<group>"; };
		B29CF7872AFCCA5B00B54A3E /* PlanListView.swift */ = {isa = PBXFileReference; lastKnownFileType = sourcecode.swift; path = PlanListView.swift; sourceTree = "<group>"; };
		B29CF78A2AFCCEA000B54A3E /* TextLiterals.swift */ = {isa = PBXFileReference; lastKnownFileType = sourcecode.swift; path = TextLiterals.swift; sourceTree = "<group>"; };
		B2C2632E2B0F511A0032C488 /* DraggableMealGroupView.swift */ = {isa = PBXFileReference; lastKnownFileType = sourcecode.swift; path = DraggableMealGroupView.swift; sourceTree = "<group>"; };
		B2D1DCD52B07466500D7B77B /* MealGroupView.swift */ = {isa = PBXFileReference; lastKnownFileType = sourcecode.swift; path = MealGroupView.swift; sourceTree = "<group>"; };
		B2D1E37E2B13057B00318E85 /* MealPlansOB.swift */ = {isa = PBXFileReference; lastKnownFileType = sourcecode.swift; path = MealPlansOB.swift; sourceTree = "<group>"; };
		B2D1E3822B136C1E00318E85 /* Header.swift */ = {isa = PBXFileReference; lastKnownFileType = sourcecode.swift; path = Header.swift; sourceTree = "<group>"; };
		B2D1E3862B137C4100318E85 /* DefaultHorizontalPadding.swift */ = {isa = PBXFileReference; lastKnownFileType = sourcecode.swift; path = DefaultHorizontalPadding.swift; sourceTree = "<group>"; };
		B2D96E5C2B1625C200B5D30C /* WrongPlanChecker.swift */ = {isa = PBXFileReference; lastKnownFileType = sourcecode.swift; path = WrongPlanChecker.swift; sourceTree = "<group>"; };
		B2D96E5E2B17C78200B5D30C /* Collection+.swift */ = {isa = PBXFileReference; lastKnownFileType = sourcecode.swift; path = "Collection+.swift"; sourceTree = "<group>"; };
		B2D96E602B19675D00B5D30C /* PlanEmptyView.swift */ = {isa = PBXFileReference; lastKnownFileType = sourcecode.swift; path = PlanEmptyView.swift; sourceTree = "<group>"; };
		B2D96E672B19B6B300B5D30C /* ToastMessage.swift */ = {isa = PBXFileReference; lastKnownFileType = sourcecode.swift; path = ToastMessage.swift; sourceTree = "<group>"; };
		B2DE212D2B0DDA54006E42C7 /* PlanBatchSettingView.swift */ = {isa = PBXFileReference; lastKnownFileType = sourcecode.swift; path = PlanBatchSettingView.swift; sourceTree = "<group>"; };
		B2EFE9822B067CA000E3F94B /* PlanGroupDetailView.swift */ = {isa = PBXFileReference; lastKnownFileType = sourcecode.swift; path = PlanGroupDetailView.swift; sourceTree = "<group>"; };
		B2EFE9842B067FB200E3F94B /* MockPlanData.swift */ = {isa = PBXFileReference; lastKnownFileType = sourcecode.swift; path = MockPlanData.swift; sourceTree = "<group>"; };
		B2F7909D2B0DDC9900CB4F71 /* SolidnerSegmentedPicker.swift */ = {isa = PBXFileReference; lastKnownFileType = sourcecode.swift; path = SolidnerSegmentedPicker.swift; sourceTree = "<group>"; };
		B2F790A12B0DF30B00CB4F71 /* CycleGaps.swift */ = {isa = PBXFileReference; lastKnownFileType = sourcecode.swift; path = CycleGaps.swift; sourceTree = "<group>"; };
		B2F790A32B0DF40400CB4F71 /* DisplayDateType.swift */ = {isa = PBXFileReference; lastKnownFileType = sourcecode.swift; path = DisplayDateType.swift; sourceTree = "<group>"; };
		B2F790A52B0E05AB00CB4F71 /* DailyPlanListView.swift */ = {isa = PBXFileReference; lastKnownFileType = sourcecode.swift; path = DailyPlanListView.swift; sourceTree = "<group>"; };
		B2F790A72B0E28B400CB4F71 /* WarningView.swift */ = {isa = PBXFileReference; lastKnownFileType = sourcecode.swift; path = WarningView.swift; sourceTree = "<group>"; };
		B2F790A92B0E37DA00CB4F71 /* DisplayDateInfoView.swift */ = {isa = PBXFileReference; lastKnownFileType = sourcecode.swift; path = DisplayDateInfoView.swift; sourceTree = "<group>"; };
		C3319A922B14E5160003ACD0 /* ReportIngredientModalView.swift */ = {isa = PBXFileReference; lastKnownFileType = sourcecode.swift; path = ReportIngredientModalView.swift; sourceTree = "<group>"; };
		C336EE422B03C37B0057D8B8 /* AgreeToTermsView.swift */ = {isa = PBXFileReference; lastKnownFileType = sourcecode.swift; path = AgreeToTermsView.swift; sourceTree = "<group>"; };
		C336EE492B03F13B0057D8B8 /* Image+.swift */ = {isa = PBXFileReference; lastKnownFileType = sourcecode.swift; path = "Image+.swift"; sourceTree = "<group>"; };
		C336EE4B2B03F5320057D8B8 /* Color+.swift */ = {isa = PBXFileReference; lastKnownFileType = sourcecode.swift; path = "Color+.swift"; sourceTree = "<group>"; };
		C336EE4F2B054A300057D8B8 /* Info.plist */ = {isa = PBXFileReference; lastKnownFileType = text.plist; path = Info.plist; sourceTree = "<group>"; };
		C336EE502B054AED0057D8B8 /* TermsWebView.swift */ = {isa = PBXFileReference; lastKnownFileType = sourcecode.swift; path = TermsWebView.swift; sourceTree = "<group>"; };
		C336EE522B054C820057D8B8 /* AgreeCase.swift */ = {isa = PBXFileReference; lastKnownFileType = sourcecode.swift; path = AgreeCase.swift; sourceTree = "<group>"; };
		C34B0D642B1989EB00D41A4A /* LaunchScreenView.swift */ = {isa = PBXFileReference; lastKnownFileType = sourcecode.swift; path = LaunchScreenView.swift; sourceTree = "<group>"; };
		C36942462AFCD686002465D4 /* ButtonComponents.swift */ = {isa = PBXFileReference; lastKnownFileType = sourcecode.swift; path = ButtonComponents.swift; sourceTree = "<group>"; };
		C36942482AFF755F002465D4 /* BackButtonHeader.swift */ = {isa = PBXFileReference; lastKnownFileType = sourcecode.swift; path = BackButtonHeader.swift; sourceTree = "<group>"; };
		C369424A2B00B350002465D4 /* TextFieldComponents.swift */ = {isa = PBXFileReference; lastKnownFileType = sourcecode.swift; path = TextFieldComponents.swift; sourceTree = "<group>"; };
		C369424C2B00C333002465D4 /* NickNameView.swift */ = {isa = PBXFileReference; lastKnownFileType = sourcecode.swift; path = NickNameView.swift; sourceTree = "<group>"; };
		C369424E2B00C42C002465D4 /* OnboardingTitles.swift */ = {isa = PBXFileReference; lastKnownFileType = sourcecode.swift; path = OnboardingTitles.swift; sourceTree = "<group>"; };
		C36942502B01185C002465D4 /* TextLimiterOB.swift */ = {isa = PBXFileReference; lastKnownFileType = sourcecode.swift; path = TextLimiterOB.swift; sourceTree = "<group>"; };
		C3777C612B120F1F008B951A /* DateUpdateModalView.swift */ = {isa = PBXFileReference; lastKnownFileType = sourcecode.swift; path = DateUpdateModalView.swift; sourceTree = "<group>"; };
		C3777C632B1249D5008B951A /* AddMoreUserFYIModalView.swift */ = {isa = PBXFileReference; lastKnownFileType = sourcecode.swift; path = AddMoreUserFYIModalView.swift; sourceTree = "<group>"; };
		C3777C652B1250E3008B951A /* NotificationSettingView.swift */ = {isa = PBXFileReference; lastKnownFileType = sourcecode.swift; path = NotificationSettingView.swift; sourceTree = "<group>"; };
		C3777C672B132BC1008B951A /* ServiceInfoView.swift */ = {isa = PBXFileReference; lastKnownFileType = sourcecode.swift; path = ServiceInfoView.swift; sourceTree = "<group>"; };
		C3777C692B135B80008B951A /* WithdrawalView.swift */ = {isa = PBXFileReference; lastKnownFileType = sourcecode.swift; path = WithdrawalView.swift; sourceTree = "<group>"; };
		C3777C6B2B136A55008B951A /* WithdrawalModalView.swift */ = {isa = PBXFileReference; lastKnownFileType = sourcecode.swift; path = WithdrawalModalView.swift; sourceTree = "<group>"; };
		C3AD1BC32B0126A2003BB3E0 /* KeyboardHeightHelperOB.swift */ = {isa = PBXFileReference; lastKnownFileType = sourcecode.swift; path = KeyboardHeightHelperOB.swift; sourceTree = "<group>"; };
		C3AD1BC52B012DA6003BB3E0 /* UIApplication+.swift */ = {isa = PBXFileReference; lastKnownFileType = sourcecode.swift; path = "UIApplication+.swift"; sourceTree = "<group>"; };
		C3AD1BC72B021660003BB3E0 /* SoCuteNameView.swift */ = {isa = PBXFileReference; lastKnownFileType = sourcecode.swift; path = SoCuteNameView.swift; sourceTree = "<group>"; };
		C3AD1BC92B023FA1003BB3E0 /* BabyBirthDateView.swift */ = {isa = PBXFileReference; lastKnownFileType = sourcecode.swift; path = BabyBirthDateView.swift; sourceTree = "<group>"; };
		C3AD1BCB2B024FAC003BB3E0 /* FoodStartDateView.swift */ = {isa = PBXFileReference; lastKnownFileType = sourcecode.swift; path = FoodStartDateView.swift; sourceTree = "<group>"; };
		C3AD1BCF2B026CB5003BB3E0 /* OnboardingEndView.swift */ = {isa = PBXFileReference; lastKnownFileType = sourcecode.swift; path = OnboardingEndView.swift; sourceTree = "<group>"; };
		C3B4DB342B0DEBA700772C2A /* Text+.swift */ = {isa = PBXFileReference; lastKnownFileType = sourcecode.swift; path = "Text+.swift"; sourceTree = "<group>"; };
		C3B4DB362B0DF16D00772C2A /* Pretendard-Bold.otf */ = {isa = PBXFileReference; lastKnownFileType = file; path = "Pretendard-Bold.otf"; sourceTree = "<group>"; };
		C3B4DB3A2B0DF17700772C2A /* Pretendard-SemiBold.otf */ = {isa = PBXFileReference; lastKnownFileType = file; path = "Pretendard-SemiBold.otf"; sourceTree = "<group>"; };
		C3B4DB3E2B0DF18700772C2A /* Pretendard-Medium.otf */ = {isa = PBXFileReference; lastKnownFileType = file; path = "Pretendard-Medium.otf"; sourceTree = "<group>"; };
		C3B4DB462B0E84A500772C2A /* UIScreen+.swift */ = {isa = PBXFileReference; lastKnownFileType = sourcecode.swift; path = "UIScreen+.swift"; sourceTree = "<group>"; };
		C3B4DB482B0F22AF00772C2A /* BackgroundView.swift */ = {isa = PBXFileReference; lastKnownFileType = sourcecode.swift; path = BackgroundView.swift; sourceTree = "<group>"; };
		C3B4DB4B2B10B51300772C2A /* MypageRootView.swift */ = {isa = PBXFileReference; lastKnownFileType = sourcecode.swift; path = MypageRootView.swift; sourceTree = "<group>"; };
		C3B4DB4D2B10BA2E00772C2A /* ViewDivider.swift */ = {isa = PBXFileReference; lastKnownFileType = sourcecode.swift; path = ViewDivider.swift; sourceTree = "<group>"; };
		C3B4DB4F2B10EE8D00772C2A /* UserInfoUpdateView.swift */ = {isa = PBXFileReference; lastKnownFileType = sourcecode.swift; path = UserInfoUpdateView.swift; sourceTree = "<group>"; };
		C3C637592AF90C2B006D464D /* Solidner.app */ = {isa = PBXFileReference; explicitFileType = wrapper.application; includeInIndex = 0; path = Solidner.app; sourceTree = BUILT_PRODUCTS_DIR; };
		C3C6375C2AF90C2B006D464D /* SolidnerApp.swift */ = {isa = PBXFileReference; lastKnownFileType = sourcecode.swift; path = SolidnerApp.swift; sourceTree = "<group>"; };
		C3C637602AF90C2C006D464D /* Assets.xcassets */ = {isa = PBXFileReference; lastKnownFileType = folder.assetcatalog; path = Assets.xcassets; sourceTree = "<group>"; };
		C3C637632AF90C2C006D464D /* Preview Assets.xcassets */ = {isa = PBXFileReference; lastKnownFileType = folder.assetcatalog; path = "Preview Assets.xcassets"; sourceTree = "<group>"; };
		C3C637692AF90C2C006D464D /* SolidnerTests.xctest */ = {isa = PBXFileReference; explicitFileType = wrapper.cfbundle; includeInIndex = 0; path = SolidnerTests.xctest; sourceTree = BUILT_PRODUCTS_DIR; };
		C3C6376D2AF90C2C006D464D /* SolidnerTests.swift */ = {isa = PBXFileReference; lastKnownFileType = sourcecode.swift; path = SolidnerTests.swift; sourceTree = "<group>"; };
		C3C637732AF90C2C006D464D /* SolidnerUITests.xctest */ = {isa = PBXFileReference; explicitFileType = wrapper.cfbundle; includeInIndex = 0; path = SolidnerUITests.xctest; sourceTree = BUILT_PRODUCTS_DIR; };
		C3C637772AF90C2C006D464D /* SolidnerUITests.swift */ = {isa = PBXFileReference; lastKnownFileType = sourcecode.swift; path = SolidnerUITests.swift; sourceTree = "<group>"; };
		C3C637792AF90C2C006D464D /* SolidnerUITestsLaunchTests.swift */ = {isa = PBXFileReference; lastKnownFileType = sourcecode.swift; path = SolidnerUITestsLaunchTests.swift; sourceTree = "<group>"; };
		C3C637932AF91EB0006D464D /* common_dummy.swift */ = {isa = PBXFileReference; lastKnownFileType = sourcecode.swift; path = common_dummy.swift; sourceTree = "<group>"; };
/* End PBXFileReference section */

/* Begin PBXFrameworksBuildPhase section */
		C3C637562AF90C2B006D464D /* Frameworks */ = {
			isa = PBXFrameworksBuildPhase;
			buildActionMask = 2147483647;
			files = (
				B2D96E662B19A7CC00B5D30C /* Algorithms in Frameworks */,
				0E18AD742AFAA3430011ED4A /* FirebaseAnalytics in Frameworks */,
				0E18AD762AFAA3430011ED4A /* FirebaseAuth in Frameworks */,
				0E18AD782AFAA3430011ED4A /* FirebaseFirestore in Frameworks */,
			);
			runOnlyForDeploymentPostprocessing = 0;
		};
		C3C637662AF90C2C006D464D /* Frameworks */ = {
			isa = PBXFrameworksBuildPhase;
			buildActionMask = 2147483647;
			files = (
			);
			runOnlyForDeploymentPostprocessing = 0;
		};
		C3C637702AF90C2C006D464D /* Frameworks */ = {
			isa = PBXFrameworksBuildPhase;
			buildActionMask = 2147483647;
			files = (
			);
			runOnlyForDeploymentPostprocessing = 0;
		};
/* End PBXFrameworksBuildPhase section */

/* Begin PBXGroup section */
		0E18AD692AFA7F180011ED4A /* Onboarding */ = {
			isa = PBXGroup;
			children = (
				0E18AD6A2AFA7F670011ED4A /* SignInView.swift */,
				C369424C2B00C333002465D4 /* NickNameView.swift */,
				C369424E2B00C42C002465D4 /* OnboardingTitles.swift */,
				C3AD1BC72B021660003BB3E0 /* SoCuteNameView.swift */,
				C3AD1BC92B023FA1003BB3E0 /* BabyBirthDateView.swift */,
				C3AD1BCB2B024FAC003BB3E0 /* FoodStartDateView.swift */,
				C3AD1BCF2B026CB5003BB3E0 /* OnboardingEndView.swift */,
				C336EE422B03C37B0057D8B8 /* AgreeToTermsView.swift */,
				C336EE502B054AED0057D8B8 /* TermsWebView.swift */,
				C34B0D642B1989EB00D41A4A /* LaunchScreenView.swift */,
			);
			path = Onboarding;
			sourceTree = "<group>";
		};
		0E18AD792AFBDCD20011ED4A /* Components */ = {
			isa = PBXGroup;
			children = (
				B24078212B13D8CB005D3412 /* RootVStack.swift */,
				B2F7909D2B0DDC9900CB4F71 /* SolidnerSegmentedPicker.swift */,
				B2746E3E2B05F5210083AB57 /* ThickDivider.swift */,
				B2746E422B05FDC40083AB57 /* TitleAndHintView.swift */,
				C36942462AFCD686002465D4 /* ButtonComponents.swift */,
				C36942482AFF755F002465D4 /* BackButtonHeader.swift */,
				C369424A2B00B350002465D4 /* TextFieldComponents.swift */,
				C3B4DB482B0F22AF00772C2A /* BackgroundView.swift */,
				B2D1E3822B136C1E00318E85 /* Header.swift */,
				C3B4DB4D2B10BA2E00772C2A /* ViewDivider.swift */,
				B2D96E672B19B6B300B5D30C /* ToastMessage.swift */,
			);
			path = Components;
			sourceTree = "<group>";
		};
		0EA6C6182AFBE05D004FF2AA /* Planning */ = {
			isa = PBXGroup;
			children = (
				B2DE212C2B0DDA44006E42C7 /* BatchSetting */,
				B29854B62B0DB374009FBE33 /* Common */,
				B219F11D2B0C90FE00886087 /* StartPlan */,
				B248361E2B011FEF00525A25 /* AddPlan */,
				0EA6C61A2AFBE06B004FF2AA /* Weekly */,
				0EA6C6192AFBE065004FF2AA /* Monthly */,
				0E8D348C2B16103A0023FCA5 /* MainView.swift */,
			);
			path = Planning;
			sourceTree = "<group>";
		};
		0EA6C6192AFBE065004FF2AA /* Monthly */ = {
			isa = PBXGroup;
			children = (
				0EAFB7202B012A3D0075A384 /* MonthlyPlanningView.swift */,
			);
			path = Monthly;
			sourceTree = "<group>";
		};
		0EA6C61A2AFBE06B004FF2AA /* Weekly */ = {
			isa = PBXGroup;
			children = (
				B29CF7872AFCCA5B00B54A3E /* PlanListView.swift */,
				B2EFE9822B067CA000E3F94B /* PlanGroupDetailView.swift */,
			);
			path = Weekly;
			sourceTree = "<group>";
		};
		B219F11D2B0C90FE00886087 /* StartPlan */ = {
			isa = PBXGroup;
			children = (
				B219F11E2B0C911200886087 /* StartPlanView.swift */,
				B219F1202B0C915300886087 /* StartDateInitialSelectModal.swift */,
			);
			path = StartPlan;
			sourceTree = "<group>";
		};
		B248361E2B011FEF00525A25 /* AddPlan */ = {
			isa = PBXGroup;
			children = (
				B248361F2B011FFF00525A25 /* MealDetailView.swift */,
				B2746E3C2B05DF900083AB57 /* StartDateSettingModal.swift */,
				0EA65EE12B0C846200E1C8D7 /* AddTestIngredientsView.swift */,
				0EB0F4312B0F5F5A00A32DFB /* AddIngredientBigDivision.swift */,
				B25582032B10BED500B34F34 /* AddedIngredientView.swift */,
				C3319A922B14E5160003ACD0 /* ReportIngredientModalView.swift */,
			);
			path = AddPlan;
			sourceTree = "<group>";
		};
		B29854B62B0DB374009FBE33 /* Common */ = {
			isa = PBXGroup;
			children = (
				B2D1E3882B138A0600318E85 /* Modifier */,
				B29854B72B0DB38C009FBE33 /* ChangeMonthModal.swift */,
				B2F790A52B0E05AB00CB4F71 /* DailyPlanListView.swift */,
				B2F790A72B0E28B400CB4F71 /* WarningView.swift */,
				B2F790A92B0E37DA00CB4F71 /* DisplayDateInfoView.swift */,
				B2D1DCD52B07466500D7B77B /* MealGroupView.swift */,
				B25582052B10C94600B34F34 /* ColoredIngredientsText.swift */,
				B2C2632E2B0F511A0032C488 /* DraggableMealGroupView.swift */,
				B2D96E602B19675D00B5D30C /* PlanEmptyView.swift */,
			);
			path = Common;
			sourceTree = "<group>";
		};
		B29CF7892AFCCE9200B54A3E /* Literal */ = {
			isa = PBXGroup;
			children = (
				B29CF78A2AFCCEA000B54A3E /* TextLiterals.swift */,
			);
			path = Literal;
			sourceTree = "<group>";
		};
		B2D1E3882B138A0600318E85 /* Modifier */ = {
			isa = PBXGroup;
			children = (
				B2D1E3862B137C4100318E85 /* DefaultHorizontalPadding.swift */,
			);
			path = Modifier;
			sourceTree = "<group>";
		};
		B2DE212C2B0DDA44006E42C7 /* BatchSetting */ = {
			isa = PBXGroup;
			children = (
				B2DE212D2B0DDA54006E42C7 /* PlanBatchSettingView.swift */,
			);
			path = BatchSetting;
			sourceTree = "<group>";
		};
		C336EE4E2B04CB4F0057D8B8 /* Recovered References */ = {
			isa = PBXGroup;
			children = (
				0EA6C61D2AFBE087004FF2AA /* MonthlyPlanningDummy.swift */,
			);
			name = "Recovered References";
			sourceTree = "<group>";
		};
		C3B4DB4A2B10B4D600772C2A /* Mypage */ = {
			isa = PBXGroup;
			children = (
				C3B4DB4B2B10B51300772C2A /* MypageRootView.swift */,
				C3B4DB4F2B10EE8D00772C2A /* UserInfoUpdateView.swift */,
				C3777C612B120F1F008B951A /* DateUpdateModalView.swift */,
				C3777C632B1249D5008B951A /* AddMoreUserFYIModalView.swift */,
				C3777C652B1250E3008B951A /* NotificationSettingView.swift */,
				C3777C672B132BC1008B951A /* ServiceInfoView.swift */,
				C3777C692B135B80008B951A /* WithdrawalView.swift */,
				C3777C6B2B136A55008B951A /* WithdrawalModalView.swift */,
			);
			path = Mypage;
			sourceTree = "<group>";
		};
		C3C637502AF90C2B006D464D = {
			isa = PBXGroup;
			children = (
				C3C6375B2AF90C2B006D464D /* Solidner */,
				C3C6376C2AF90C2C006D464D /* SolidnerTests */,
				C3C637762AF90C2C006D464D /* SolidnerUITests */,
				C3C6375A2AF90C2B006D464D /* Products */,
				C336EE4E2B04CB4F0057D8B8 /* Recovered References */,
			);
			sourceTree = "<group>";
		};
		C3C6375A2AF90C2B006D464D /* Products */ = {
			isa = PBXGroup;
			children = (
				C3C637592AF90C2B006D464D /* Solidner.app */,
				C3C637692AF90C2C006D464D /* SolidnerTests.xctest */,
				C3C637732AF90C2C006D464D /* SolidnerUITests.xctest */,
			);
			name = Products;
			sourceTree = "<group>";
		};
		C3C6375B2AF90C2B006D464D /* Solidner */ = {
			isa = PBXGroup;
			children = (
				C336EE4F2B054A300057D8B8 /* Info.plist */,
				0E613A252B131B9B00AF75BF /* IngredientData.json */,
				0E18AD682AFA7A260011ED4A /* Solidner.entitlements */,
				0E18AD5F2AFA10840011ED4A /* GoogleService-Info.plist */,
				B29CF7892AFCCE9200B54A3E /* Literal */,
				C3C6378C2AF90CA2006D464D /* Network */,
				C3C6378B2AF90C94006D464D /* Fonts */,
				C3C6378A2AF90C80006D464D /* Extension+ */,
				C3C637892AF90C69006D464D /* Common */,
				C3C637882AF90C5E006D464D /* Views */,
				C3C637872AF90C51006D464D /* Models */,
				C3C637862AF90C33006D464D /* ObservableObjects */,
				C3C6375C2AF90C2B006D464D /* SolidnerApp.swift */,
				C3C637602AF90C2C006D464D /* Assets.xcassets */,
				C3C637622AF90C2C006D464D /* Preview Content */,
			);
			path = Solidner;
			sourceTree = "<group>";
		};
		C3C637622AF90C2C006D464D /* Preview Content */ = {
			isa = PBXGroup;
			children = (
				C3C637632AF90C2C006D464D /* Preview Assets.xcassets */,
			);
			path = "Preview Content";
			sourceTree = "<group>";
		};
		C3C6376C2AF90C2C006D464D /* SolidnerTests */ = {
			isa = PBXGroup;
			children = (
				C3C6376D2AF90C2C006D464D /* SolidnerTests.swift */,
			);
			path = SolidnerTests;
			sourceTree = "<group>";
		};
		C3C637762AF90C2C006D464D /* SolidnerUITests */ = {
			isa = PBXGroup;
			children = (
				C3C637772AF90C2C006D464D /* SolidnerUITests.swift */,
				C3C637792AF90C2C006D464D /* SolidnerUITestsLaunchTests.swift */,
			);
			path = SolidnerUITests;
			sourceTree = "<group>";
		};
		C3C637862AF90C33006D464D /* ObservableObjects */ = {
			isa = PBXGroup;
			children = (
				0E18AD6C2AFA8DC50011ED4A /* UserOB.swift */,
				0E18AD6E2AFA8F140011ED4A /* AppleLoginOB.swift */,
				C36942502B01185C002465D4 /* TextLimiterOB.swift */,
				C3AD1BC32B0126A2003BB3E0 /* KeyboardHeightHelperOB.swift */,
				B219F1242B0C974F00886087 /* MealOB.swift */,
				B2D1E37E2B13057B00318E85 /* MealPlansOB.swift */,
				0E613A292B13315700AF75BF /* IngredientData.swift */,
			);
			path = ObservableObjects;
			sourceTree = "<group>";
		};
		C3C637872AF90C51006D464D /* Models */ = {
			isa = PBXGroup;
			children = (
				B2EFE9842B067FB200E3F94B /* MockPlanData.swift */,
				C336EE522B054C820057D8B8 /* AgreeCase.swift */,
				B2F790A12B0DF30B00CB4F71 /* CycleGaps.swift */,
				B2F790A32B0DF40400CB4F71 /* DisplayDateType.swift */,
				0E613A272B131CAF00AF75BF /* Ingredient.swift */,
				0E0F68AA2B1AF5AA0071941D /* TempUserInfo.swift */,
			);
			path = Models;
			sourceTree = "<group>";
		};
		C3C637882AF90C5E006D464D /* Views */ = {
			isa = PBXGroup;
			children = (
				C3B4DB4A2B10B4D600772C2A /* Mypage */,
				0EA6C6182AFBE05D004FF2AA /* Planning */,
				0E18AD792AFBDCD20011ED4A /* Components */,
				0E18AD692AFA7F180011ED4A /* Onboarding */,
			);
			path = Views;
			sourceTree = "<group>";
		};
		C3C637892AF90C69006D464D /* Common */ = {
			isa = PBXGroup;
			children = (
				C3C637932AF91EB0006D464D /* common_dummy.swift */,
				B2D96E5C2B1625C200B5D30C /* WrongPlanChecker.swift */,
			);
			path = Common;
			sourceTree = "<group>";
		};
		C3C6378A2AF90C80006D464D /* Extension+ */ = {
			isa = PBXGroup;
			children = (
				C3AD1BC52B012DA6003BB3E0 /* UIApplication+.swift */,
				B24836212B012B8700525A25 /* Date+.swift */,
				B2746E3A2B052A4D0083AB57 /* Shape+.swift */,
				C336EE492B03F13B0057D8B8 /* Image+.swift */,
				C336EE4B2B03F5320057D8B8 /* Color+.swift */,
				C3B4DB342B0DEBA700772C2A /* Text+.swift */,
				B219F1262B0CE13000886087 /* View+.swift */,
				C3B4DB462B0E84A500772C2A /* UIScreen+.swift */,
				B25582012B10AAF200B34F34 /* CGFloat+.swift */,
				B2D96E5E2B17C78200B5D30C /* Collection+.swift */,
				B29602B32B1AFC24001E3E98 /* UINavigationController+.swift */,
			);
			path = "Extension+";
			sourceTree = "<group>";
		};
		C3C6378B2AF90C94006D464D /* Fonts */ = {
			isa = PBXGroup;
			children = (
				C3B4DB3E2B0DF18700772C2A /* Pretendard-Medium.otf */,
				C3B4DB362B0DF16D00772C2A /* Pretendard-Bold.otf */,
				C3B4DB3A2B0DF17700772C2A /* Pretendard-SemiBold.otf */,
			);
			path = Fonts;
			sourceTree = "<group>";
		};
		C3C6378C2AF90CA2006D464D /* Network */ = {
			isa = PBXGroup;
			children = (
				0E18AD702AFA94E10011ED4A /* FirebaseManager.swift */,
				0E8D348E2B1614D90023FCA5 /* Network+.swift */,
			);
			path = Network;
			sourceTree = "<group>";
		};
/* End PBXGroup section */

/* Begin PBXNativeTarget section */
		C3C637582AF90C2B006D464D /* Solidner */ = {
			isa = PBXNativeTarget;
			buildConfigurationList = C3C6377D2AF90C2C006D464D /* Build configuration list for PBXNativeTarget "Solidner" */;
			buildPhases = (
				C3C637552AF90C2B006D464D /* Sources */,
				C3C637562AF90C2B006D464D /* Frameworks */,
				C3C637572AF90C2B006D464D /* Resources */,
			);
			buildRules = (
			);
			dependencies = (
			);
			name = Solidner;
			packageProductDependencies = (
				0E18AD732AFAA3430011ED4A /* FirebaseAnalytics */,
				0E18AD752AFAA3430011ED4A /* FirebaseAuth */,
				0E18AD772AFAA3430011ED4A /* FirebaseFirestore */,
				B2D96E652B19A7CC00B5D30C /* Algorithms */,
			);
			productName = Solidner;
			productReference = C3C637592AF90C2B006D464D /* Solidner.app */;
			productType = "com.apple.product-type.application";
		};
		C3C637682AF90C2C006D464D /* SolidnerTests */ = {
			isa = PBXNativeTarget;
			buildConfigurationList = C3C637802AF90C2C006D464D /* Build configuration list for PBXNativeTarget "SolidnerTests" */;
			buildPhases = (
				C3C637652AF90C2C006D464D /* Sources */,
				C3C637662AF90C2C006D464D /* Frameworks */,
				C3C637672AF90C2C006D464D /* Resources */,
			);
			buildRules = (
			);
			dependencies = (
				C3C6376B2AF90C2C006D464D /* PBXTargetDependency */,
			);
			name = SolidnerTests;
			productName = SolidnerTests;
			productReference = C3C637692AF90C2C006D464D /* SolidnerTests.xctest */;
			productType = "com.apple.product-type.bundle.unit-test";
		};
		C3C637722AF90C2C006D464D /* SolidnerUITests */ = {
			isa = PBXNativeTarget;
			buildConfigurationList = C3C637832AF90C2C006D464D /* Build configuration list for PBXNativeTarget "SolidnerUITests" */;
			buildPhases = (
				C3C6376F2AF90C2C006D464D /* Sources */,
				C3C637702AF90C2C006D464D /* Frameworks */,
				C3C637712AF90C2C006D464D /* Resources */,
			);
			buildRules = (
			);
			dependencies = (
				C3C637752AF90C2C006D464D /* PBXTargetDependency */,
			);
			name = SolidnerUITests;
			productName = SolidnerUITests;
			productReference = C3C637732AF90C2C006D464D /* SolidnerUITests.xctest */;
			productType = "com.apple.product-type.bundle.ui-testing";
		};
/* End PBXNativeTarget section */

/* Begin PBXProject section */
		C3C637512AF90C2B006D464D /* Project object */ = {
			isa = PBXProject;
			attributes = {
				BuildIndependentTargetsInParallel = 1;
				LastSwiftUpdateCheck = 1430;
				LastUpgradeCheck = 1430;
				TargetAttributes = {
					C3C637582AF90C2B006D464D = {
						CreatedOnToolsVersion = 14.3;
					};
					C3C637682AF90C2C006D464D = {
						CreatedOnToolsVersion = 14.3;
						TestTargetID = C3C637582AF90C2B006D464D;
					};
					C3C637722AF90C2C006D464D = {
						CreatedOnToolsVersion = 14.3;
						TestTargetID = C3C637582AF90C2B006D464D;
					};
				};
			};
			buildConfigurationList = C3C637542AF90C2B006D464D /* Build configuration list for PBXProject "Solidner" */;
			compatibilityVersion = "Xcode 14.0";
			developmentRegion = ko;
			hasScannedForEncodings = 0;
			knownRegions = (
				en,
				Base,
				ko,
			);
			mainGroup = C3C637502AF90C2B006D464D;
			packageReferences = (
				0E18AD722AFAA3430011ED4A /* XCRemoteSwiftPackageReference "firebase-ios-sdk" */,
				B2D96E642B19A7CC00B5D30C /* XCRemoteSwiftPackageReference "swift-algorithms" */,
			);
			productRefGroup = C3C6375A2AF90C2B006D464D /* Products */;
			projectDirPath = "";
			projectRoot = "";
			targets = (
				C3C637582AF90C2B006D464D /* Solidner */,
				C3C637682AF90C2C006D464D /* SolidnerTests */,
				C3C637722AF90C2C006D464D /* SolidnerUITests */,
			);
		};
/* End PBXProject section */

/* Begin PBXResourcesBuildPhase section */
		C3C637572AF90C2B006D464D /* Resources */ = {
			isa = PBXResourcesBuildPhase;
			buildActionMask = 2147483647;
			files = (
				C3C637642AF90C2C006D464D /* Preview Assets.xcassets in Resources */,
				C3B4DB372B0DF16D00772C2A /* Pretendard-Bold.otf in Resources */,
				C3B4DB3B2B0DF17700772C2A /* Pretendard-SemiBold.otf in Resources */,
				C3C637612AF90C2C006D464D /* Assets.xcassets in Resources */,
				0E18AD602AFA10840011ED4A /* GoogleService-Info.plist in Resources */,
				C3B4DB3F2B0DF18700772C2A /* Pretendard-Medium.otf in Resources */,
				0E613A262B131B9B00AF75BF /* IngredientData.json in Resources */,
			);
			runOnlyForDeploymentPostprocessing = 0;
		};
		C3C637672AF90C2C006D464D /* Resources */ = {
			isa = PBXResourcesBuildPhase;
			buildActionMask = 2147483647;
			files = (
				C3B4DB382B0DF16D00772C2A /* Pretendard-Bold.otf in Resources */,
				C3B4DB3C2B0DF17700772C2A /* Pretendard-SemiBold.otf in Resources */,
				C3B4DB402B0DF18700772C2A /* Pretendard-Medium.otf in Resources */,
			);
			runOnlyForDeploymentPostprocessing = 0;
		};
		C3C637712AF90C2C006D464D /* Resources */ = {
			isa = PBXResourcesBuildPhase;
			buildActionMask = 2147483647;
			files = (
				C3B4DB392B0DF16D00772C2A /* Pretendard-Bold.otf in Resources */,
				C3B4DB3D2B0DF17700772C2A /* Pretendard-SemiBold.otf in Resources */,
				C3B4DB412B0DF18700772C2A /* Pretendard-Medium.otf in Resources */,
			);
			runOnlyForDeploymentPostprocessing = 0;
		};
/* End PBXResourcesBuildPhase section */

/* Begin PBXSourcesBuildPhase section */
		C3C637552AF90C2B006D464D /* Sources */ = {
			isa = PBXSourcesBuildPhase;
			buildActionMask = 2147483647;
			files = (
				B25582062B10C94600B34F34 /* ColoredIngredientsText.swift in Sources */,
				0E18AD6D2AFA8DC50011ED4A /* UserOB.swift in Sources */,
				B2746E3F2B05F5210083AB57 /* ThickDivider.swift in Sources */,
				B25582042B10BED500B34F34 /* AddedIngredientView.swift in Sources */,
				C3B4DB352B0DEBA700772C2A /* Text+.swift in Sources */,
				C34B0D652B1989EB00D41A4A /* LaunchScreenView.swift in Sources */,
				B2746E3B2B052A4D0083AB57 /* Shape+.swift in Sources */,
				0E613A2A2B13315700AF75BF /* IngredientData.swift in Sources */,
				0EA65EE22B0C846200E1C8D7 /* AddTestIngredientsView.swift in Sources */,
				C3B4DB502B10EE8D00772C2A /* UserInfoUpdateView.swift in Sources */,
				C3319A932B14E5160003ACD0 /* ReportIngredientModalView.swift in Sources */,
				C3777C6C2B136A55008B951A /* WithdrawalModalView.swift in Sources */,
				0EAFB7212B012A3D0075A384 /* MonthlyPlanningView.swift in Sources */,
				B219F1272B0CE13000886087 /* View+.swift in Sources */,
				C36942472AFCD687002465D4 /* ButtonComponents.swift in Sources */,
				B2D1E3832B136C1E00318E85 /* Header.swift in Sources */,
				B2F7909E2B0DDC9900CB4F71 /* SolidnerSegmentedPicker.swift in Sources */,
				B2F790A22B0DF30B00CB4F71 /* CycleGaps.swift in Sources */,
				B2D96E5F2B17C78200B5D30C /* Collection+.swift in Sources */,
				0EB0F4322B0F5F5A00A32DFB /* AddIngredientBigDivision.swift in Sources */,
				B25582022B10AAF200B34F34 /* CGFloat+.swift in Sources */,
				B2EFE9852B067FB200E3F94B /* MockPlanData.swift in Sources */,
				C3777C6A2B135B80008B951A /* WithdrawalView.swift in Sources */,
				B219F1212B0C915300886087 /* StartDateInitialSelectModal.swift in Sources */,
				0E18AD6B2AFA7F670011ED4A /* SignInView.swift in Sources */,
				B2746E432B05FDC40083AB57 /* TitleAndHintView.swift in Sources */,
				C36942492AFF755F002465D4 /* BackButtonHeader.swift in Sources */,
				B24078222B13D8CB005D3412 /* RootVStack.swift in Sources */,
				B29854B82B0DB38C009FBE33 /* ChangeMonthModal.swift in Sources */,
				B29602B42B1AFC24001E3E98 /* UINavigationController+.swift in Sources */,
				B29CF7882AFCCA5B00B54A3E /* PlanListView.swift in Sources */,
				C336EE4A2B03F13B0057D8B8 /* Image+.swift in Sources */,
				0E18AD712AFA94E10011ED4A /* FirebaseManager.swift in Sources */,
				B2D96E5D2B1625C200B5D30C /* WrongPlanChecker.swift in Sources */,
				C3AD1BC62B012DA6003BB3E0 /* UIApplication+.swift in Sources */,
				C3AD1BC42B0126A2003BB3E0 /* KeyboardHeightHelperOB.swift in Sources */,
				C3777C662B1250E3008B951A /* NotificationSettingView.swift in Sources */,
				0E18AD6F2AFA8F140011ED4A /* AppleLoginOB.swift in Sources */,
				C3C637942AF91EB0006D464D /* common_dummy.swift in Sources */,
				C3777C682B132BC1008B951A /* ServiceInfoView.swift in Sources */,
				C3B4DB4E2B10BA2E00772C2A /* ViewDivider.swift in Sources */,
				0E613A282B131CAF00AF75BF /* Ingredient.swift in Sources */,
				B2746E3D2B05DF900083AB57 /* StartDateSettingModal.swift in Sources */,
				C3AD1BCC2B024FAC003BB3E0 /* FoodStartDateView.swift in Sources */,
				C3AD1BD02B026CB5003BB3E0 /* OnboardingEndView.swift in Sources */,
				C3C637942AF91EB0006D464D /* common_dummy.swift in Sources */,
				B2F790A62B0E05AB00CB4F71 /* DailyPlanListView.swift in Sources */,
				B2F790AA2B0E37DA00CB4F71 /* DisplayDateInfoView.swift in Sources */,
				C369424F2B00C42C002465D4 /* OnboardingTitles.swift in Sources */,
				B24836202B011FFF00525A25 /* MealDetailView.swift in Sources */,
				C3777C622B120F1F008B951A /* DateUpdateModalView.swift in Sources */,
				B24836202B011FFF00525A25 /* MealDetailView.swift in Sources */,
				B24836222B012B8700525A25 /* Date+.swift in Sources */,
				C3B4DB492B0F22AF00772C2A /* BackgroundView.swift in Sources */,
				B2F790A82B0E28B400CB4F71 /* WarningView.swift in Sources */,
				B2F790A42B0DF40400CB4F71 /* DisplayDateType.swift in Sources */,
				B219F1252B0C974F00886087 /* MealOB.swift in Sources */,
				C3C6375D2AF90C2B006D464D /* SolidnerApp.swift in Sources */,
				B2D96E612B19675D00B5D30C /* PlanEmptyView.swift in Sources */,
				B2D1DCD62B07466500D7B77B /* MealGroupView.swift in Sources */,
				C336EE512B054AED0057D8B8 /* TermsWebView.swift in Sources */,
				C3B4DB4C2B10B51300772C2A /* MypageRootView.swift in Sources */,
				B2D96E682B19B6B300B5D30C /* ToastMessage.swift in Sources */,
				B2DE212E2B0DDA54006E42C7 /* PlanBatchSettingView.swift in Sources */,
				C336EE532B054C820057D8B8 /* AgreeCase.swift in Sources */,
				C3AD1BCA2B023FA1003BB3E0 /* BabyBirthDateView.swift in Sources */,
				C369424B2B00B350002465D4 /* TextFieldComponents.swift in Sources */,
				0E0F68AB2B1AF5AA0071941D /* TempUserInfo.swift in Sources */,
				C369424D2B00C333002465D4 /* NickNameView.swift in Sources */,
				0E8D348D2B16103A0023FCA5 /* MainView.swift in Sources */,
				C336EE4C2B03F5320057D8B8 /* Color+.swift in Sources */,
				B2D1E3872B137C4100318E85 /* DefaultHorizontalPadding.swift in Sources */,
				B2D1E37F2B13057B00318E85 /* MealPlansOB.swift in Sources */,
				B219F11F2B0C911200886087 /* StartPlanView.swift in Sources */,
				C336EE432B03C37B0057D8B8 /* AgreeToTermsView.swift in Sources */,
				0E8D348F2B1614D90023FCA5 /* Network+.swift in Sources */,
				C3B4DB472B0E84A500772C2A /* UIScreen+.swift in Sources */,
				B2C2632F2B0F511A0032C488 /* DraggableMealGroupView.swift in Sources */,
				C3AD1BC82B021660003BB3E0 /* SoCuteNameView.swift in Sources */,
				C36942512B01185C002465D4 /* TextLimiterOB.swift in Sources */,
				B2EFE9832B067CA000E3F94B /* PlanGroupDetailView.swift in Sources */,
				B29CF78B2AFCCEA000B54A3E /* TextLiterals.swift in Sources */,
				C3777C642B1249D5008B951A /* AddMoreUserFYIModalView.swift in Sources */,
			);
			runOnlyForDeploymentPostprocessing = 0;
		};
		C3C637652AF90C2C006D464D /* Sources */ = {
			isa = PBXSourcesBuildPhase;
			buildActionMask = 2147483647;
			files = (
				C3C6376E2AF90C2C006D464D /* SolidnerTests.swift in Sources */,
			);
			runOnlyForDeploymentPostprocessing = 0;
		};
		C3C6376F2AF90C2C006D464D /* Sources */ = {
			isa = PBXSourcesBuildPhase;
			buildActionMask = 2147483647;
			files = (
				C3C6377A2AF90C2C006D464D /* SolidnerUITestsLaunchTests.swift in Sources */,
				C3C637782AF90C2C006D464D /* SolidnerUITests.swift in Sources */,
			);
			runOnlyForDeploymentPostprocessing = 0;
		};
/* End PBXSourcesBuildPhase section */

/* Begin PBXTargetDependency section */
		C3C6376B2AF90C2C006D464D /* PBXTargetDependency */ = {
			isa = PBXTargetDependency;
			target = C3C637582AF90C2B006D464D /* Solidner */;
			targetProxy = C3C6376A2AF90C2C006D464D /* PBXContainerItemProxy */;
		};
		C3C637752AF90C2C006D464D /* PBXTargetDependency */ = {
			isa = PBXTargetDependency;
			target = C3C637582AF90C2B006D464D /* Solidner */;
			targetProxy = C3C637742AF90C2C006D464D /* PBXContainerItemProxy */;
		};
/* End PBXTargetDependency section */

/* Begin XCBuildConfiguration section */
		C3C6377B2AF90C2C006D464D /* Debug */ = {
			isa = XCBuildConfiguration;
			buildSettings = {
				ALWAYS_SEARCH_USER_PATHS = NO;
				CLANG_ANALYZER_NONNULL = YES;
				CLANG_ANALYZER_NUMBER_OBJECT_CONVERSION = YES_AGGRESSIVE;
				CLANG_CXX_LANGUAGE_STANDARD = "gnu++20";
				CLANG_ENABLE_MODULES = YES;
				CLANG_ENABLE_OBJC_ARC = YES;
				CLANG_ENABLE_OBJC_WEAK = YES;
				CLANG_WARN_BLOCK_CAPTURE_AUTORELEASING = YES;
				CLANG_WARN_BOOL_CONVERSION = YES;
				CLANG_WARN_COMMA = YES;
				CLANG_WARN_CONSTANT_CONVERSION = YES;
				CLANG_WARN_DEPRECATED_OBJC_IMPLEMENTATIONS = YES;
				CLANG_WARN_DIRECT_OBJC_ISA_USAGE = YES_ERROR;
				CLANG_WARN_DOCUMENTATION_COMMENTS = YES;
				CLANG_WARN_EMPTY_BODY = YES;
				CLANG_WARN_ENUM_CONVERSION = YES;
				CLANG_WARN_INFINITE_RECURSION = YES;
				CLANG_WARN_INT_CONVERSION = YES;
				CLANG_WARN_NON_LITERAL_NULL_CONVERSION = YES;
				CLANG_WARN_OBJC_IMPLICIT_RETAIN_SELF = YES;
				CLANG_WARN_OBJC_LITERAL_CONVERSION = YES;
				CLANG_WARN_OBJC_ROOT_CLASS = YES_ERROR;
				CLANG_WARN_QUOTED_INCLUDE_IN_FRAMEWORK_HEADER = YES;
				CLANG_WARN_RANGE_LOOP_ANALYSIS = YES;
				CLANG_WARN_STRICT_PROTOTYPES = YES;
				CLANG_WARN_SUSPICIOUS_MOVE = YES;
				CLANG_WARN_UNGUARDED_AVAILABILITY = YES_AGGRESSIVE;
				CLANG_WARN_UNREACHABLE_CODE = YES;
				CLANG_WARN__DUPLICATE_METHOD_MATCH = YES;
				COPY_PHASE_STRIP = NO;
				DEBUG_INFORMATION_FORMAT = dwarf;
				ENABLE_STRICT_OBJC_MSGSEND = YES;
				ENABLE_TESTABILITY = YES;
				GCC_C_LANGUAGE_STANDARD = gnu11;
				GCC_DYNAMIC_NO_PIC = NO;
				GCC_NO_COMMON_BLOCKS = YES;
				GCC_OPTIMIZATION_LEVEL = 0;
				GCC_PREPROCESSOR_DEFINITIONS = (
					"DEBUG=1",
					"$(inherited)",
				);
				GCC_WARN_64_TO_32_BIT_CONVERSION = YES;
				GCC_WARN_ABOUT_RETURN_TYPE = YES_ERROR;
				GCC_WARN_UNDECLARED_SELECTOR = YES;
				GCC_WARN_UNINITIALIZED_AUTOS = YES_AGGRESSIVE;
				GCC_WARN_UNUSED_FUNCTION = YES;
				GCC_WARN_UNUSED_VARIABLE = YES;
				IPHONEOS_DEPLOYMENT_TARGET = 16.4;
				MTL_ENABLE_DEBUG_INFO = INCLUDE_SOURCE;
				MTL_FAST_MATH = YES;
				ONLY_ACTIVE_ARCH = YES;
				SDKROOT = iphoneos;
				SWIFT_ACTIVE_COMPILATION_CONDITIONS = DEBUG;
				SWIFT_OPTIMIZATION_LEVEL = "-Onone";
			};
			name = Debug;
		};
		C3C6377C2AF90C2C006D464D /* Release */ = {
			isa = XCBuildConfiguration;
			buildSettings = {
				ALWAYS_SEARCH_USER_PATHS = NO;
				CLANG_ANALYZER_NONNULL = YES;
				CLANG_ANALYZER_NUMBER_OBJECT_CONVERSION = YES_AGGRESSIVE;
				CLANG_CXX_LANGUAGE_STANDARD = "gnu++20";
				CLANG_ENABLE_MODULES = YES;
				CLANG_ENABLE_OBJC_ARC = YES;
				CLANG_ENABLE_OBJC_WEAK = YES;
				CLANG_WARN_BLOCK_CAPTURE_AUTORELEASING = YES;
				CLANG_WARN_BOOL_CONVERSION = YES;
				CLANG_WARN_COMMA = YES;
				CLANG_WARN_CONSTANT_CONVERSION = YES;
				CLANG_WARN_DEPRECATED_OBJC_IMPLEMENTATIONS = YES;
				CLANG_WARN_DIRECT_OBJC_ISA_USAGE = YES_ERROR;
				CLANG_WARN_DOCUMENTATION_COMMENTS = YES;
				CLANG_WARN_EMPTY_BODY = YES;
				CLANG_WARN_ENUM_CONVERSION = YES;
				CLANG_WARN_INFINITE_RECURSION = YES;
				CLANG_WARN_INT_CONVERSION = YES;
				CLANG_WARN_NON_LITERAL_NULL_CONVERSION = YES;
				CLANG_WARN_OBJC_IMPLICIT_RETAIN_SELF = YES;
				CLANG_WARN_OBJC_LITERAL_CONVERSION = YES;
				CLANG_WARN_OBJC_ROOT_CLASS = YES_ERROR;
				CLANG_WARN_QUOTED_INCLUDE_IN_FRAMEWORK_HEADER = YES;
				CLANG_WARN_RANGE_LOOP_ANALYSIS = YES;
				CLANG_WARN_STRICT_PROTOTYPES = YES;
				CLANG_WARN_SUSPICIOUS_MOVE = YES;
				CLANG_WARN_UNGUARDED_AVAILABILITY = YES_AGGRESSIVE;
				CLANG_WARN_UNREACHABLE_CODE = YES;
				CLANG_WARN__DUPLICATE_METHOD_MATCH = YES;
				COPY_PHASE_STRIP = NO;
				DEBUG_INFORMATION_FORMAT = "dwarf-with-dsym";
				ENABLE_NS_ASSERTIONS = NO;
				ENABLE_STRICT_OBJC_MSGSEND = YES;
				GCC_C_LANGUAGE_STANDARD = gnu11;
				GCC_NO_COMMON_BLOCKS = YES;
				GCC_WARN_64_TO_32_BIT_CONVERSION = YES;
				GCC_WARN_ABOUT_RETURN_TYPE = YES_ERROR;
				GCC_WARN_UNDECLARED_SELECTOR = YES;
				GCC_WARN_UNINITIALIZED_AUTOS = YES_AGGRESSIVE;
				GCC_WARN_UNUSED_FUNCTION = YES;
				GCC_WARN_UNUSED_VARIABLE = YES;
				IPHONEOS_DEPLOYMENT_TARGET = 16.4;
				MTL_ENABLE_DEBUG_INFO = NO;
				MTL_FAST_MATH = YES;
				SDKROOT = iphoneos;
				SWIFT_COMPILATION_MODE = wholemodule;
				SWIFT_OPTIMIZATION_LEVEL = "-O";
				VALIDATE_PRODUCT = YES;
			};
			name = Release;
		};
		C3C6377E2AF90C2C006D464D /* Debug */ = {
			isa = XCBuildConfiguration;
			buildSettings = {
				ASSETCATALOG_COMPILER_APPICON_NAME = AppIcon;
				ASSETCATALOG_COMPILER_GLOBAL_ACCENT_COLOR_NAME = AccentColor;
				CODE_SIGN_ENTITLEMENTS = Solidner/Solidner.entitlements;
				CODE_SIGN_IDENTITY = "Apple Development";
				CODE_SIGN_STYLE = Automatic;
				CURRENT_PROJECT_VERSION = 1;
				DEVELOPMENT_ASSET_PATHS = "\"Solidner/Preview Content\"";
				DEVELOPMENT_TEAM = 6BHXWP5PYW;
				ENABLE_PREVIEWS = YES;
				GENERATE_INFOPLIST_FILE = YES;
				INFOPLIST_FILE = Solidner/Info.plist;
				INFOPLIST_KEY_UIApplicationSceneManifest_Generation = YES;
				INFOPLIST_KEY_UIApplicationSupportsIndirectInputEvents = YES;
				INFOPLIST_KEY_UILaunchScreen_Generation = YES;
				INFOPLIST_KEY_UIStatusBarStyle = "";
				INFOPLIST_KEY_UISupportedInterfaceOrientations = UIInterfaceOrientationPortrait;
				IPHONEOS_DEPLOYMENT_TARGET = 16.1;
				LD_RUNPATH_SEARCH_PATHS = (
					"$(inherited)",
					"@executable_path/Frameworks",
				);
				MARKETING_VERSION = 1.0;
				PRODUCT_BUNDLE_IDENTIFIER = com.ollie.Solidner;
				PRODUCT_NAME = "$(TARGET_NAME)";
				PROVISIONING_PROFILE_SPECIFIER = "";
				SWIFT_EMIT_LOC_STRINGS = YES;
				SWIFT_VERSION = 5.0;
				TARGETED_DEVICE_FAMILY = "1,2";
			};
			name = Debug;
		};
		C3C6377F2AF90C2C006D464D /* Release */ = {
			isa = XCBuildConfiguration;
			buildSettings = {
				ASSETCATALOG_COMPILER_APPICON_NAME = AppIcon;
				ASSETCATALOG_COMPILER_GLOBAL_ACCENT_COLOR_NAME = AccentColor;
				CODE_SIGN_ENTITLEMENTS = Solidner/Solidner.entitlements;
				CODE_SIGN_IDENTITY = "Apple Development";
				CODE_SIGN_STYLE = Automatic;
				CURRENT_PROJECT_VERSION = 1;
				DEVELOPMENT_ASSET_PATHS = "\"Solidner/Preview Content\"";
				DEVELOPMENT_TEAM = 6BHXWP5PYW;
				ENABLE_PREVIEWS = YES;
				GENERATE_INFOPLIST_FILE = YES;
				INFOPLIST_FILE = Solidner/Info.plist;
				INFOPLIST_KEY_UIApplicationSceneManifest_Generation = YES;
				INFOPLIST_KEY_UIApplicationSupportsIndirectInputEvents = YES;
				INFOPLIST_KEY_UILaunchScreen_Generation = YES;
				INFOPLIST_KEY_UIStatusBarStyle = "";
				INFOPLIST_KEY_UISupportedInterfaceOrientations = UIInterfaceOrientationPortrait;
				IPHONEOS_DEPLOYMENT_TARGET = 16.1;
				LD_RUNPATH_SEARCH_PATHS = (
					"$(inherited)",
					"@executable_path/Frameworks",
				);
				MARKETING_VERSION = 1.0;
				PRODUCT_BUNDLE_IDENTIFIER = com.ollie.Solidner;
				PRODUCT_NAME = "$(TARGET_NAME)";
				PROVISIONING_PROFILE_SPECIFIER = "";
				SWIFT_EMIT_LOC_STRINGS = YES;
				SWIFT_VERSION = 5.0;
				TARGETED_DEVICE_FAMILY = "1,2";
			};
			name = Release;
		};
		C3C637812AF90C2C006D464D /* Debug */ = {
			isa = XCBuildConfiguration;
			buildSettings = {
				ALWAYS_EMBED_SWIFT_STANDARD_LIBRARIES = YES;
				BUNDLE_LOADER = "$(TEST_HOST)";
				CODE_SIGN_STYLE = Automatic;
				CURRENT_PROJECT_VERSION = 1;
				DEVELOPMENT_TEAM = G8XX337GMH;
				GENERATE_INFOPLIST_FILE = YES;
				IPHONEOS_DEPLOYMENT_TARGET = 16.4;
				MARKETING_VERSION = 1.0;
				PRODUCT_BUNDLE_IDENTIFIER = com.swimmer.SolidnerTests;
				PRODUCT_NAME = "$(TARGET_NAME)";
				SWIFT_EMIT_LOC_STRINGS = NO;
				SWIFT_VERSION = 5.0;
				TARGETED_DEVICE_FAMILY = "1,2";
				TEST_HOST = "$(BUILT_PRODUCTS_DIR)/Solidner.app/$(BUNDLE_EXECUTABLE_FOLDER_PATH)/Solidner";
			};
			name = Debug;
		};
		C3C637822AF90C2C006D464D /* Release */ = {
			isa = XCBuildConfiguration;
			buildSettings = {
				ALWAYS_EMBED_SWIFT_STANDARD_LIBRARIES = YES;
				BUNDLE_LOADER = "$(TEST_HOST)";
				CODE_SIGN_STYLE = Automatic;
				CURRENT_PROJECT_VERSION = 1;
				DEVELOPMENT_TEAM = G8XX337GMH;
				GENERATE_INFOPLIST_FILE = YES;
				IPHONEOS_DEPLOYMENT_TARGET = 16.4;
				MARKETING_VERSION = 1.0;
				PRODUCT_BUNDLE_IDENTIFIER = com.swimmer.SolidnerTests;
				PRODUCT_NAME = "$(TARGET_NAME)";
				SWIFT_EMIT_LOC_STRINGS = NO;
				SWIFT_VERSION = 5.0;
				TARGETED_DEVICE_FAMILY = "1,2";
				TEST_HOST = "$(BUILT_PRODUCTS_DIR)/Solidner.app/$(BUNDLE_EXECUTABLE_FOLDER_PATH)/Solidner";
			};
			name = Release;
		};
		C3C637842AF90C2C006D464D /* Debug */ = {
			isa = XCBuildConfiguration;
			buildSettings = {
				ALWAYS_EMBED_SWIFT_STANDARD_LIBRARIES = YES;
				CODE_SIGN_STYLE = Automatic;
				CURRENT_PROJECT_VERSION = 1;
				DEVELOPMENT_TEAM = G8XX337GMH;
				GENERATE_INFOPLIST_FILE = YES;
				MARKETING_VERSION = 1.0;
				PRODUCT_BUNDLE_IDENTIFIER = com.swimmer.SolidnerUITests;
				PRODUCT_NAME = "$(TARGET_NAME)";
				SWIFT_EMIT_LOC_STRINGS = NO;
				SWIFT_VERSION = 5.0;
				TARGETED_DEVICE_FAMILY = "1,2";
				TEST_TARGET_NAME = Solidner;
			};
			name = Debug;
		};
		C3C637852AF90C2C006D464D /* Release */ = {
			isa = XCBuildConfiguration;
			buildSettings = {
				ALWAYS_EMBED_SWIFT_STANDARD_LIBRARIES = YES;
				CODE_SIGN_STYLE = Automatic;
				CURRENT_PROJECT_VERSION = 1;
				DEVELOPMENT_TEAM = G8XX337GMH;
				GENERATE_INFOPLIST_FILE = YES;
				MARKETING_VERSION = 1.0;
				PRODUCT_BUNDLE_IDENTIFIER = com.swimmer.SolidnerUITests;
				PRODUCT_NAME = "$(TARGET_NAME)";
				SWIFT_EMIT_LOC_STRINGS = NO;
				SWIFT_VERSION = 5.0;
				TARGETED_DEVICE_FAMILY = "1,2";
				TEST_TARGET_NAME = Solidner;
			};
			name = Release;
		};
/* End XCBuildConfiguration section */

/* Begin XCConfigurationList section */
		C3C637542AF90C2B006D464D /* Build configuration list for PBXProject "Solidner" */ = {
			isa = XCConfigurationList;
			buildConfigurations = (
				C3C6377B2AF90C2C006D464D /* Debug */,
				C3C6377C2AF90C2C006D464D /* Release */,
			);
			defaultConfigurationIsVisible = 0;
			defaultConfigurationName = Release;
		};
		C3C6377D2AF90C2C006D464D /* Build configuration list for PBXNativeTarget "Solidner" */ = {
			isa = XCConfigurationList;
			buildConfigurations = (
				C3C6377E2AF90C2C006D464D /* Debug */,
				C3C6377F2AF90C2C006D464D /* Release */,
			);
			defaultConfigurationIsVisible = 0;
			defaultConfigurationName = Release;
		};
		C3C637802AF90C2C006D464D /* Build configuration list for PBXNativeTarget "SolidnerTests" */ = {
			isa = XCConfigurationList;
			buildConfigurations = (
				C3C637812AF90C2C006D464D /* Debug */,
				C3C637822AF90C2C006D464D /* Release */,
			);
			defaultConfigurationIsVisible = 0;
			defaultConfigurationName = Release;
		};
		C3C637832AF90C2C006D464D /* Build configuration list for PBXNativeTarget "SolidnerUITests" */ = {
			isa = XCConfigurationList;
			buildConfigurations = (
				C3C637842AF90C2C006D464D /* Debug */,
				C3C637852AF90C2C006D464D /* Release */,
			);
			defaultConfigurationIsVisible = 0;
			defaultConfigurationName = Release;
		};
/* End XCConfigurationList section */

/* Begin XCRemoteSwiftPackageReference section */
		0E18AD722AFAA3430011ED4A /* XCRemoteSwiftPackageReference "firebase-ios-sdk" */ = {
			isa = XCRemoteSwiftPackageReference;
			repositoryURL = "https://github.com/firebase/firebase-ios-sdk";
			requirement = {
				kind = upToNextMajorVersion;
				minimumVersion = 10.0.0;
			};
		};
		B2D96E642B19A7CC00B5D30C /* XCRemoteSwiftPackageReference "swift-algorithms" */ = {
			isa = XCRemoteSwiftPackageReference;
			repositoryURL = "https://github.com/apple/swift-algorithms.git";
			requirement = {
				kind = upToNextMajorVersion;
				minimumVersion = 1.2.0;
			};
		};
/* End XCRemoteSwiftPackageReference section */

/* Begin XCSwiftPackageProductDependency section */
		0E18AD732AFAA3430011ED4A /* FirebaseAnalytics */ = {
			isa = XCSwiftPackageProductDependency;
			package = 0E18AD722AFAA3430011ED4A /* XCRemoteSwiftPackageReference "firebase-ios-sdk" */;
			productName = FirebaseAnalytics;
		};
		0E18AD752AFAA3430011ED4A /* FirebaseAuth */ = {
			isa = XCSwiftPackageProductDependency;
			package = 0E18AD722AFAA3430011ED4A /* XCRemoteSwiftPackageReference "firebase-ios-sdk" */;
			productName = FirebaseAuth;
		};
		0E18AD772AFAA3430011ED4A /* FirebaseFirestore */ = {
			isa = XCSwiftPackageProductDependency;
			package = 0E18AD722AFAA3430011ED4A /* XCRemoteSwiftPackageReference "firebase-ios-sdk" */;
			productName = FirebaseFirestore;
		};
		B2D96E652B19A7CC00B5D30C /* Algorithms */ = {
			isa = XCSwiftPackageProductDependency;
			package = B2D96E642B19A7CC00B5D30C /* XCRemoteSwiftPackageReference "swift-algorithms" */;
			productName = Algorithms;
		};
/* End XCSwiftPackageProductDependency section */
	};
	rootObject = C3C637512AF90C2B006D464D /* Project object */;
}
